
Microsoft Visual Studio Solution File, Format Version 12.00
# Visual Studio Version 16
VisualStudioVersion = 16.0.29806.167
MinimumVisualStudioVersion = 10.0.40219.1
Project("{8BC9CEB8-8B4A-11D0-8D11-00A0C91BC942}") = "STM32G4_HAL_LL_REG", "STM32G4_HAL_LL_REG.vcxproj", "{8F63C1B8-7602-4FCD-8595-5A3DA998C06C}"
EndProject
Global
	GlobalSection(SolutionConfigurationPlatforms) = preSolution
		Debug|VisualGDB = Debug|VisualGDB
		Release|VisualGDB = Release|VisualGDB
	EndGlobalSection
	GlobalSection(ProjectConfigurationPlatforms) = postSolution
		{8F63C1B8-7602-4FCD-8595-5A3DA998C06C}.Debug|VisualGDB.ActiveCfg = Debug|VisualGDB
		{8F63C1B8-7602-4FCD-8595-5A3DA998C06C}.Debug|VisualGDB.Build.0 = Debug|VisualGDB
		{8F63C1B8-7602-4FCD-8595-5A3DA998C06C}.Release|VisualGDB.ActiveCfg = Release|VisualGDB
		{8F63C1B8-7602-4FCD-8595-5A3DA998C06C}.Release|VisualGDB.Build.0 = Release|VisualGDB
	EndGlobalSection
	GlobalSection(SolutionProperties) = preSolution
		HideSolutionNode = FALSE
	EndGlobalSection
	GlobalSection(ExtensibilityGlobals) = postSolution
		SolutionGuid = {A8037C82-0565-4FD2-89E7-97CBCB3106CD}
	EndGlobalSection
EndGlobal
